{
  "version": 4,
  "terraform_version": "1.7.3",
  "serial": 17,
  "lineage": "2068f2e2-3f79-9724-733e-13ba24499c5c",
  "outputs": {},
  "resources": [
    {
      "mode": "data",
      "type": "remote_file",
      "name": "kubeconfig",
      "provider": "provider[\"registry.terraform.io/tenstad/remote\"]",
      "instances": []
    },
    {
      "mode": "managed",
      "type": "ssh_resource",
      "name": "uninstall_k3s",
      "provider": "provider[\"registry.terraform.io/loafoe/ssh\"]",
      "instances": [
        {
          "index_key": "192.168.0.94",
          "schema_version": 3,
          "attributes": {
            "agent": false,
            "bastion_host": null,
            "bastion_port": "22",
            "commands": [
              "bash -c 'k3s-killall.sh; k3s-uninstall.sh;'"
            ],
            "commands_after_file_changes": true,
            "file": [],
            "host": "192.168.0.94",
            "host_private_key": null,
            "host_user": null,
            "id": "5577006791947779410",
            "port": "22",
            "pre_commands": null,
            "private_key": "-----BEGIN OPENSSH PRIVATE KEY-----\nb3BlbnNzaC1rZXktdjEAAAAABG5vbmUAAAAEbm9uZQAAAAAAAAABAAAAMwAAAAtzc2gtZW\nQyNTUxOQAAACBBPJ5ujBZOIEqwhnfTidI2ZbjbzbSX0eRTbha+OjIs4wAAAJjBWK4ZwViu\nGQAAAAtzc2gtZWQyNTUxOQAAACBBPJ5ujBZOIEqwhnfTidI2ZbjbzbSX0eRTbha+OjIs4w\nAAAED/nCQwVjWaiTPVwm+vnlhQ4MzIqYHhJXVEignxKGieJkE8nm6MFk4gSrCGd9OJ0jZl\nuNvNtJfR5FNuFr46MizjAAAAFHdpc2NobWNqQG1pYW1pb2guZWR1AQ==\n-----END OPENSSH PRIVATE KEY-----\n",
            "result": null,
            "retry_delay": "10s",
            "timeout": "5m",
            "triggers": null,
            "user": "wischmcj",
            "when": "destroy"
          },
          "sensitive_attributes": [],
          "private": "eyJzY2hlbWFfdmVyc2lvbiI6IjMifQ=="
        }
      ]
    }
  ],
  "check_results": null
}
